
Microsoft Visual Studio Solution File, Format Version 12.00
# Visual Studio 14
VisualStudioVersion = 14.0.25420.1
MinimumVisualStudioVersion = 10.0.40219.1
Project("{8BC9CEB8-8B4A-11D0-8D11-00A0C91BC942}") = "ESE 224 Project", "ESE 224 Project\ESE 224 Project.vcxproj", "{E43E0F7D-17FF-4C43-8E1A-77AFFEF33DD9}"
EndProject
Global
	GlobalSection(SolutionConfigurationPlatforms) = preSolution
		Debug|x64 = Debug|x64
		Debug|x86 = Debug|x86
		Release|x64 = Release|x64
		Release|x86 = Release|x86
	EndGlobalSection
	GlobalSection(ProjectConfigurationPlatforms) = postSolution
		{E43E0F7D-17FF-4C43-8E1A-77AFFEF33DD9}.Debug|x64.ActiveCfg = Debug|x64
		{E43E0F7D-17FF-4C43-8E1A-77AFFEF33DD9}.Debug|x64.Build.0 = Debug|x64
		{E43E0F7D-17FF-4C43-8E1A-77AFFEF33DD9}.Debug|x86.ActiveCfg = Debug|Win32
		{E43E0F7D-17FF-4C43-8E1A-77AFFEF33DD9}.Debug|x86.Build.0 = Debug|Win32
		{E43E0F7D-17FF-4C43-8E1A-77AFFEF33DD9}.Release|x64.ActiveCfg = Release|x64
		{E43E0F7D-17FF-4C43-8E1A-77AFFEF33DD9}.Release|x64.Build.0 = Release|x64
		{E43E0F7D-17FF-4C43-8E1A-77AFFEF33DD9}.Release|x86.ActiveCfg = Release|Win32
		{E43E0F7D-17FF-4C43-8E1A-77AFFEF33DD9}.Release|x86.Build.0 = Release|Win32
	EndGlobalSection
	GlobalSection(SolutionProperties) = preSolution
		HideSolutionNode = FALSE
	EndGlobalSection
EndGlobal
